
Microsoft Visual Studio Solution File, Format Version 12.00
# Visual Studio Version 16
VisualStudioVersion = 16.0.31410.357
MinimumVisualStudioVersion = 10.0.40219.1
Project("{FAE04EC0-301F-11D3-BF4B-00C04F79EFBC}") = "FestoConsoleApp", "FestoConsoleApp.csproj", "{86D1B6FE-9C6C-4189-8922-6AA175F29E62}"
EndProject
Project("{FAE04EC0-301F-11D3-BF4B-00C04F79EFBC}") = "DataAccessLibrary", "..\DataAccessLibrary\DataAccessLibrary.csproj", "{2E28FAC6-43A7-4A73-A02D-849F79A05E1E}"
EndProject
Global
	GlobalSection(SolutionConfigurationPlatforms) = preSolution
		Debug|Any CPU = Debug|Any CPU
		Release|Any CPU = Release|Any CPU
	EndGlobalSection
	GlobalSection(ProjectConfigurationPlatforms) = postSolution
		{86D1B6FE-9C6C-4189-8922-6AA175F29E62}.Debug|Any CPU.ActiveCfg = Debug|Any CPU
		{86D1B6FE-9C6C-4189-8922-6AA175F29E62}.Debug|Any CPU.Build.0 = Debug|Any CPU
		{86D1B6FE-9C6C-4189-8922-6AA175F29E62}.Release|Any CPU.ActiveCfg = Release|Any CPU
		{86D1B6FE-9C6C-4189-8922-6AA175F29E62}.Release|Any CPU.Build.0 = Release|Any CPU
		{2E28FAC6-43A7-4A73-A02D-849F79A05E1E}.Debug|Any CPU.ActiveCfg = Debug|Any CPU
		{2E28FAC6-43A7-4A73-A02D-849F79A05E1E}.Debug|Any CPU.Build.0 = Debug|Any CPU
		{2E28FAC6-43A7-4A73-A02D-849F79A05E1E}.Release|Any CPU.ActiveCfg = Release|Any CPU
		{2E28FAC6-43A7-4A73-A02D-849F79A05E1E}.Release|Any CPU.Build.0 = Release|Any CPU
	EndGlobalSection
	GlobalSection(SolutionProperties) = preSolution
		HideSolutionNode = FALSE
	EndGlobalSection
	GlobalSection(ExtensibilityGlobals) = postSolution
		SolutionGuid = {8903CE70-E499-4E50-BCFA-DF44AE1D48F0}
	EndGlobalSection
EndGlobal
